
Microsoft Visual Studio Solution File, Format Version 12.00
# Visual Studio 2013
VisualStudioVersion = 12.0.30723.0
MinimumVisualStudioVersion = 10.0.40219.1
Project("{FAE04EC0-301F-11D3-BF4B-00C04F79EFBC}") = "PalindromosWebApi", "PalindromosWebApi\PalindromosWebApi.csproj", "{53205EDE-91D3-4A62-BCDC-79D0CDCA3D8E}"
EndProject
Project("{FAE04EC0-301F-11D3-BF4B-00C04F79EFBC}") = "PalindromosWebApi.Tests", "PalindromosWebApi.Tests\PalindromosWebApi.Tests.csproj", "{B524C3B4-DCC7-4363-AC98-A6F2FB832586}"
EndProject
Global
	GlobalSection(SolutionConfigurationPlatforms) = preSolution
		Debug|Any CPU = Debug|Any CPU
		Release|Any CPU = Release|Any CPU
	EndGlobalSection
	GlobalSection(ProjectConfigurationPlatforms) = postSolution
		{53205EDE-91D3-4A62-BCDC-79D0CDCA3D8E}.Debug|Any CPU.ActiveCfg = Debug|Any CPU
		{53205EDE-91D3-4A62-BCDC-79D0CDCA3D8E}.Debug|Any CPU.Build.0 = Debug|Any CPU
		{53205EDE-91D3-4A62-BCDC-79D0CDCA3D8E}.Release|Any CPU.ActiveCfg = Release|Any CPU
		{53205EDE-91D3-4A62-BCDC-79D0CDCA3D8E}.Release|Any CPU.Build.0 = Release|Any CPU
		{B524C3B4-DCC7-4363-AC98-A6F2FB832586}.Debug|Any CPU.ActiveCfg = Debug|Any CPU
		{B524C3B4-DCC7-4363-AC98-A6F2FB832586}.Debug|Any CPU.Build.0 = Debug|Any CPU
		{B524C3B4-DCC7-4363-AC98-A6F2FB832586}.Release|Any CPU.ActiveCfg = Release|Any CPU
		{B524C3B4-DCC7-4363-AC98-A6F2FB832586}.Release|Any CPU.Build.0 = Release|Any CPU
	EndGlobalSection
	GlobalSection(SolutionProperties) = preSolution
		HideSolutionNode = FALSE
	EndGlobalSection
EndGlobal
